// !$*UTF8*$!
{
	archiveVersion = 1;
	classes = {
	};
	objectVersion = 56;
	objects = {

/* Begin PBXBuildFile section */
		1AD42B00B4C64D797838AF33 /* Pods_Tracker.framework in Frameworks */ = {isa = PBXBuildFile; fileRef = 97E8E95482AC2DC249F5E22B /* Pods_Tracker.framework */; };
		440289D92B17A04100A0BEBE /* AppDelegate.swift in Sources */ = {isa = PBXBuildFile; fileRef = 440289D82B17A04100A0BEBE /* AppDelegate.swift */; };
		440289DB2B17A04100A0BEBE /* SceneDelegate.swift in Sources */ = {isa = PBXBuildFile; fileRef = 440289DA2B17A04100A0BEBE /* SceneDelegate.swift */; };
		440289E22B17A04200A0BEBE /* Assets.xcassets in Resources */ = {isa = PBXBuildFile; fileRef = 440289E12B17A04200A0BEBE /* Assets.xcassets */; };
		440289E52B17A04200A0BEBE /* LaunchScreen.storyboard in Resources */ = {isa = PBXBuildFile; fileRef = 440289E32B17A04200A0BEBE /* LaunchScreen.storyboard */; };
		440289ED2B18EA0600A0BEBE /* TabBarController.swift in Sources */ = {isa = PBXBuildFile; fileRef = 440289EC2B18EA0600A0BEBE /* TabBarController.swift */; };
		440289F02B18ED2100A0BEBE /* TrackersViewController.swift in Sources */ = {isa = PBXBuildFile; fileRef = 440289EF2B18ED2100A0BEBE /* TrackersViewController.swift */; };
		440289F22B18ED3A00A0BEBE /* StatisticViewController.swift in Sources */ = {isa = PBXBuildFile; fileRef = 440289F12B18ED3A00A0BEBE /* StatisticViewController.swift */; };
		440289F52B18F45F00A0BEBE /* UIColor + Extensions.swift in Sources */ = {isa = PBXBuildFile; fileRef = 440289F42B18F45F00A0BEBE /* UIColor + Extensions.swift */; };
		44028A3C2B23798100A0BEBE /* Tracker.swift in Sources */ = {isa = PBXBuildFile; fileRef = 44028A3B2B23798100A0BEBE /* Tracker.swift */; };
		44028A3E2B23798F00A0BEBE /* TrackerCategory.swift in Sources */ = {isa = PBXBuildFile; fileRef = 44028A3D2B23798F00A0BEBE /* TrackerCategory.swift */; };
		44028A402B23799C00A0BEBE /* TrackerRecord.swift in Sources */ = {isa = PBXBuildFile; fileRef = 44028A3F2B23799C00A0BEBE /* TrackerRecord.swift */; };
		440B400E2BA0EFCE00B02BC4 /* FiltersViewController.swift in Sources */ = {isa = PBXBuildFile; fileRef = 440B400D2BA0EFCE00B02BC4 /* FiltersViewController.swift */; };
		440B40102BA0F17E00B02BC4 /* Filters.swift in Sources */ = {isa = PBXBuildFile; fileRef = 440B400F2BA0F17E00B02BC4 /* Filters.swift */; };
		440B40142BA0FBE400B02BC4 /* FilterViewDelegate.swift in Sources */ = {isa = PBXBuildFile; fileRef = 440B40132BA0FBE400B02BC4 /* FilterViewDelegate.swift */; };
		440B401C2BA107B900B02BC4 /* TrackerTests.swift in Sources */ = {isa = PBXBuildFile; fileRef = 440B401B2BA107B900B02BC4 /* TrackerTests.swift */; };
		440B40242BA1089200B02BC4 /* InlineSnapshotTesting in Frameworks */ = {isa = PBXBuildFile; productRef = 440B40232BA1089200B02BC4 /* InlineSnapshotTesting */; };
		440B40262BA1089200B02BC4 /* SnapshotTesting in Frameworks */ = {isa = PBXBuildFile; productRef = 440B40252BA1089200B02BC4 /* SnapshotTesting */; };
		440B40282BA1A26300B02BC4 /* StatisticCell.swift in Sources */ = {isa = PBXBuildFile; fileRef = 440B40272BA1A26300B02BC4 /* StatisticCell.swift */; };
		440B402A2BA1DA8A00B02BC4 /* Indicators.swift in Sources */ = {isa = PBXBuildFile; fileRef = 440B40292BA1DA8A00B02BC4 /* Indicators.swift */; };
		440B402C2BA200EA00B02BC4 /* Color.swift in Sources */ = {isa = PBXBuildFile; fileRef = 440B402B2BA200EA00B02BC4 /* Color.swift */; };
		440B402E2BA212B200B02BC4 /* AnalyticsService.swift in Sources */ = {isa = PBXBuildFile; fileRef = 440B402D2BA212B200B02BC4 /* AnalyticsService.swift */; };
		440B40322BA2294B00B02BC4 /* Localizable.strings in Resources */ = {isa = PBXBuildFile; fileRef = 440B40342BA2294B00B02BC4 /* Localizable.strings */; };
		440B40362BA22E4700B02BC4 /* Localizable.stringsdict in Resources */ = {isa = PBXBuildFile; fileRef = 440B40382BA22E4700B02BC4 /* Localizable.stringsdict */; };
		441324772B25EE4E00CE4CFF /* TrackersCell.swift in Sources */ = {isa = PBXBuildFile; fileRef = 441324762B25EE4E00CE4CFF /* TrackersCell.swift */; };
		4413247B2B25FF6C00CE4CFF /* GeometricParams.swift in Sources */ = {isa = PBXBuildFile; fileRef = 4413247A2B25FF6C00CE4CFF /* GeometricParams.swift */; };
		4413247D2B26225300CE4CFF /* HeaderCellView.swift in Sources */ = {isa = PBXBuildFile; fileRef = 4413247C2B26225300CE4CFF /* HeaderCellView.swift */; };
		4413247F2B2773DD00CE4CFF /* CreateNewTrackerViewController.swift in Sources */ = {isa = PBXBuildFile; fileRef = 4413247E2B2773DD00CE4CFF /* CreateNewTrackerViewController.swift */; };
		441324812B277B3900CE4CFF /* CreateNewHabitViewController.swift in Sources */ = {isa = PBXBuildFile; fileRef = 441324802B277B3900CE4CFF /* CreateNewHabitViewController.swift */; };
		441324832B28C44800CE4CFF /* UITextField + Extensions.swift in Sources */ = {isa = PBXBuildFile; fileRef = 441324822B28C44800CE4CFF /* UITextField + Extensions.swift */; };
		441324852B28C89300CE4CFF /* MainTableViewCell.swift in Sources */ = {isa = PBXBuildFile; fileRef = 441324842B28C89300CE4CFF /* MainTableViewCell.swift */; };
		441324882B2B661B00CE4CFF /* ScheduleViewController.swift in Sources */ = {isa = PBXBuildFile; fileRef = 441324872B2B661B00CE4CFF /* ScheduleViewController.swift */; };
		4413248A2B2B6B5E00CE4CFF /* ScheduleTableViewCell.swift in Sources */ = {isa = PBXBuildFile; fileRef = 441324892B2B6B5E00CE4CFF /* ScheduleTableViewCell.swift */; };
		4413248C2B2CB17300CE4CFF /* DayOfWeek.swift in Sources */ = {isa = PBXBuildFile; fileRef = 4413248B2B2CB17300CE4CFF /* DayOfWeek.swift */; };
		4413248E2B31F6F200CE4CFF /* Date + Extensions.swift in Sources */ = {isa = PBXBuildFile; fileRef = 4413248D2B31F6F200CE4CFF /* Date + Extensions.swift */; };
		441324922B3206FA00CE4CFF /* TrackersCellDelegate.swift in Sources */ = {isa = PBXBuildFile; fileRef = 441324912B3206FA00CE4CFF /* TrackersCellDelegate.swift */; };
		441C46A52B6D379100BC079E /* UITableViewCell + Extention.swift in Sources */ = {isa = PBXBuildFile; fileRef = 441C46A42B6D379100BC079E /* UITableViewCell + Extention.swift */; };
		447D80372B9B5D8100A06D3F /* OnboardingViewController.swift in Sources */ = {isa = PBXBuildFile; fileRef = 447D80362B9B5D8100A06D3F /* OnboardingViewController.swift */; };
		447D80392B9B5E3700A06D3F /* PagesViewController.swift in Sources */ = {isa = PBXBuildFile; fileRef = 447D80382B9B5E3700A06D3F /* PagesViewController.swift */; };
		447D803B2B9B6A7B00A06D3F /* PagesSettings.swift in Sources */ = {isa = PBXBuildFile; fileRef = 447D803A2B9B6A7B00A06D3F /* PagesSettings.swift */; };
		447D803F2B9B82CC00A06D3F /* OnboardingViewDelegate.swift in Sources */ = {isa = PBXBuildFile; fileRef = 447D803E2B9B82CC00A06D3F /* OnboardingViewDelegate.swift */; };
		447D80442B9B99AC00A06D3F /* CategoryViewModel.swift in Sources */ = {isa = PBXBuildFile; fileRef = 447D80432B9B99AC00A06D3F /* CategoryViewModel.swift */; };
		447D804C2B9E040700A06D3F /* CategoryViewModelProtocol.swift in Sources */ = {isa = PBXBuildFile; fileRef = 447D804B2B9E040700A06D3F /* CategoryViewModelProtocol.swift */; };
		447D805A2B9F926C00A06D3F /* FixedTrackersStore.swift in Sources */ = {isa = PBXBuildFile; fileRef = 447D80592B9F926C00A06D3F /* FixedTrackersStore.swift */; };
		447D805C2B9F92E600A06D3F /* FixedTrackersStoreProtocol.swift in Sources */ = {isa = PBXBuildFile; fileRef = 447D805B2B9F92E600A06D3F /* FixedTrackersStoreProtocol.swift */; };
		44ABD1BC2B8663C400ADF2AA /* TrackerDB.xcdatamodeld in Sources */ = {isa = PBXBuildFile; fileRef = 44ABD1BA2B8663C400ADF2AA /* TrackerDB.xcdatamodeld */; };
		44ABD1FF2B8E37A700ADF2AA /* TrackerStore.swift in Sources */ = {isa = PBXBuildFile; fileRef = 44ABD1FE2B8E37A700ADF2AA /* TrackerStore.swift */; };
		44ABD2012B8E37B600ADF2AA /* TrackerCategoryStore.swift in Sources */ = {isa = PBXBuildFile; fileRef = 44ABD2002B8E37B600ADF2AA /* TrackerCategoryStore.swift */; };
		44ABD2032B8E37C600ADF2AA /* TrackerRecordStore.swift in Sources */ = {isa = PBXBuildFile; fileRef = 44ABD2022B8E37C600ADF2AA /* TrackerRecordStore.swift */; };
		44ABD2072B8F97AC00ADF2AA /* TrackerDataStore.swift in Sources */ = {isa = PBXBuildFile; fileRef = 44ABD2062B8F97AC00ADF2AA /* TrackerDataStore.swift */; };
		44ABD20B2B8F9A1400ADF2AA /* DataProviderProtocol.swift in Sources */ = {isa = PBXBuildFile; fileRef = 44ABD20A2B8F9A1400ADF2AA /* DataProviderProtocol.swift */; };
		44ABD20D2B8FA7CD00ADF2AA /* DataProvider.swift in Sources */ = {isa = PBXBuildFile; fileRef = 44ABD20C2B8FA7CD00ADF2AA /* DataProvider.swift */; };
		44ABD2112B8FA89500ADF2AA /* TrackerStoreUpdate.swift in Sources */ = {isa = PBXBuildFile; fileRef = 44ABD2102B8FA89500ADF2AA /* TrackerStoreUpdate.swift */; };
		44ABD2172B8FBAAD00ADF2AA /* CategoryDataStore.swift in Sources */ = {isa = PBXBuildFile; fileRef = 44ABD2162B8FBAAC00ADF2AA /* CategoryDataStore.swift */; };
		44ABD2192B8FBAEF00ADF2AA /* RecordDataStore.swift in Sources */ = {isa = PBXBuildFile; fileRef = 44ABD2182B8FBAEF00ADF2AA /* RecordDataStore.swift */; };
		44ABD21B2B90B99A00ADF2AA /* DaysValueTransformer.swift in Sources */ = {isa = PBXBuildFile; fileRef = 44ABD21A2B90B99A00ADF2AA /* DaysValueTransformer.swift */; };
		44ABD21D2B90DB0300ADF2AA /* UIColorValueTransformer.swift in Sources */ = {isa = PBXBuildFile; fileRef = 44ABD21C2B90DB0300ADF2AA /* UIColorValueTransformer.swift */; };
		44B3187D2B5BD61600CA1206 /* PresentViewCell.swift in Sources */ = {isa = PBXBuildFile; fileRef = 44B3187C2B5BD61600CA1206 /* PresentViewCell.swift */; };
		44B3187F2B5BD95700CA1206 /* SupplementaryView.swift in Sources */ = {isa = PBXBuildFile; fileRef = 44B3187E2B5BD95700CA1206 /* SupplementaryView.swift */; };
		44DE3A292B600921007F5B5E /* CategoryViewController.swift in Sources */ = {isa = PBXBuildFile; fileRef = 44DE3A282B600921007F5B5E /* CategoryViewController.swift */; };
		44DE3A322B6025AD007F5B5E /* CategoriesTableViewCell.swift in Sources */ = {isa = PBXBuildFile; fileRef = 44DE3A312B6025AD007F5B5E /* CategoriesTableViewCell.swift */; };
		44DE3A342B6036A4007F5B5E /* CategoryViewControllerDelegate.swift in Sources */ = {isa = PBXBuildFile; fileRef = 44DE3A332B6036A4007F5B5E /* CategoryViewControllerDelegate.swift */; };
		44DE3A362B60E3BA007F5B5E /* CreateNewCategoryViewController.swift in Sources */ = {isa = PBXBuildFile; fileRef = 44DE3A352B60E3BA007F5B5E /* CreateNewCategoryViewController.swift */; };
		44DE3A382B60E841007F5B5E /* CreateNewCategoryViewControllerDelegate.swift in Sources */ = {isa = PBXBuildFile; fileRef = 44DE3A372B60E841007F5B5E /* CreateNewCategoryViewControllerDelegate.swift */; };
		44DE3A3A2B60F3D6007F5B5E /* ScheduleViewControllerDelegate.swift in Sources */ = {isa = PBXBuildFile; fileRef = 44DE3A392B60F3D6007F5B5E /* ScheduleViewControllerDelegate.swift */; };
		44DE3A3C2B61024B007F5B5E /* CreateNewHabitViewControllerDelegate.swift in Sources */ = {isa = PBXBuildFile; fileRef = 44DE3A3B2B61024B007F5B5E /* CreateNewHabitViewControllerDelegate.swift */; };
		44DE3A3E2B610EE9007F5B5E /* TrackersViewControllerDelegate.swift in Sources */ = {isa = PBXBuildFile; fileRef = 44DE3A3D2B610EE9007F5B5E /* TrackersViewControllerDelegate.swift */; };
		44DE3A402B62DC80007F5B5E /* Int + Extension.swift in Sources */ = {isa = PBXBuildFile; fileRef = 44DE3A3F2B62DC80007F5B5E /* Int + Extension.swift */; };
		44E440A22B5D9A1C00AC2F4F /* ColorViewCell.swift in Sources */ = {isa = PBXBuildFile; fileRef = 44E440A12B5D9A1C00AC2F4F /* ColorViewCell.swift */; };
		87479703EA0A2209AC9AB901 /* Pods_TrackerTests.framework in Frameworks */ = {isa = PBXBuildFile; fileRef = F60A0A43BE99AE23A2EE341A /* Pods_TrackerTests.framework */; };
/* End PBXBuildFile section */

/* Begin PBXContainerItemProxy section */
		440B401D2BA107B900B02BC4 /* PBXContainerItemProxy */ = {
			isa = PBXContainerItemProxy;
			containerPortal = 440289CD2B17A04100A0BEBE /* Project object */;
			proxyType = 1;
			remoteGlobalIDString = 440289D42B17A04100A0BEBE;
			remoteInfo = Tracker;
		};
/* End PBXContainerItemProxy section */

/* Begin PBXFileReference section */
		056B6CC66BD0EE7594BAFC21 /* Pods-Tracker.debug.xcconfig */ = {isa = PBXFileReference; includeInIndex = 1; lastKnownFileType = text.xcconfig; name = "Pods-Tracker.debug.xcconfig"; path = "Target Support Files/Pods-Tracker/Pods-Tracker.debug.xcconfig"; sourceTree = "<group>"; };
		21D265F96853569EB825AF5E /* Pods-Tracker.release.xcconfig */ = {isa = PBXFileReference; includeInIndex = 1; lastKnownFileType = text.xcconfig; name = "Pods-Tracker.release.xcconfig"; path = "Target Support Files/Pods-Tracker/Pods-Tracker.release.xcconfig"; sourceTree = "<group>"; };
		440289D52B17A04100A0BEBE /* Tracker.app */ = {isa = PBXFileReference; explicitFileType = wrapper.application; includeInIndex = 0; path = Tracker.app; sourceTree = BUILT_PRODUCTS_DIR; };
		440289D82B17A04100A0BEBE /* AppDelegate.swift */ = {isa = PBXFileReference; lastKnownFileType = sourcecode.swift; path = AppDelegate.swift; sourceTree = "<group>"; };
		440289DA2B17A04100A0BEBE /* SceneDelegate.swift */ = {isa = PBXFileReference; lastKnownFileType = sourcecode.swift; path = SceneDelegate.swift; sourceTree = "<group>"; };
		440289E12B17A04200A0BEBE /* Assets.xcassets */ = {isa = PBXFileReference; lastKnownFileType = folder.assetcatalog; path = Assets.xcassets; sourceTree = "<group>"; };
		440289E42B17A04200A0BEBE /* Base */ = {isa = PBXFileReference; lastKnownFileType = file.storyboard; name = Base; path = Base.lproj/LaunchScreen.storyboard; sourceTree = "<group>"; };
		440289E62B17A04200A0BEBE /* Info.plist */ = {isa = PBXFileReference; lastKnownFileType = text.plist.xml; path = Info.plist; sourceTree = "<group>"; };
		440289EC2B18EA0600A0BEBE /* TabBarController.swift */ = {isa = PBXFileReference; lastKnownFileType = sourcecode.swift; path = TabBarController.swift; sourceTree = "<group>"; };
		440289EF2B18ED2100A0BEBE /* TrackersViewController.swift */ = {isa = PBXFileReference; lastKnownFileType = sourcecode.swift; path = TrackersViewController.swift; sourceTree = "<group>"; };
		440289F12B18ED3A00A0BEBE /* StatisticViewController.swift */ = {isa = PBXFileReference; lastKnownFileType = sourcecode.swift; path = StatisticViewController.swift; sourceTree = "<group>"; };
		440289F42B18F45F00A0BEBE /* UIColor + Extensions.swift */ = {isa = PBXFileReference; lastKnownFileType = sourcecode.swift; path = "UIColor + Extensions.swift"; sourceTree = "<group>"; };
		44028A3B2B23798100A0BEBE /* Tracker.swift */ = {isa = PBXFileReference; lastKnownFileType = sourcecode.swift; path = Tracker.swift; sourceTree = "<group>"; };
		44028A3D2B23798F00A0BEBE /* TrackerCategory.swift */ = {isa = PBXFileReference; lastKnownFileType = sourcecode.swift; path = TrackerCategory.swift; sourceTree = "<group>"; };
		44028A3F2B23799C00A0BEBE /* TrackerRecord.swift */ = {isa = PBXFileReference; lastKnownFileType = sourcecode.swift; path = TrackerRecord.swift; sourceTree = "<group>"; };
		440B400D2BA0EFCE00B02BC4 /* FiltersViewController.swift */ = {isa = PBXFileReference; lastKnownFileType = sourcecode.swift; path = FiltersViewController.swift; sourceTree = "<group>"; };
		440B400F2BA0F17E00B02BC4 /* Filters.swift */ = {isa = PBXFileReference; lastKnownFileType = sourcecode.swift; path = Filters.swift; sourceTree = "<group>"; };
		440B40132BA0FBE400B02BC4 /* FilterViewDelegate.swift */ = {isa = PBXFileReference; lastKnownFileType = sourcecode.swift; path = FilterViewDelegate.swift; sourceTree = "<group>"; };
		440B40192BA107B900B02BC4 /* TrackerTests.xctest */ = {isa = PBXFileReference; explicitFileType = wrapper.cfbundle; includeInIndex = 0; path = TrackerTests.xctest; sourceTree = BUILT_PRODUCTS_DIR; };
		440B401B2BA107B900B02BC4 /* TrackerTests.swift */ = {isa = PBXFileReference; lastKnownFileType = sourcecode.swift; path = TrackerTests.swift; sourceTree = "<group>"; };
		440B40272BA1A26300B02BC4 /* StatisticCell.swift */ = {isa = PBXFileReference; lastKnownFileType = sourcecode.swift; path = StatisticCell.swift; sourceTree = "<group>"; };
		440B40292BA1DA8A00B02BC4 /* Indicators.swift */ = {isa = PBXFileReference; lastKnownFileType = sourcecode.swift; path = Indicators.swift; sourceTree = "<group>"; };
		440B402B2BA200EA00B02BC4 /* Color.swift */ = {isa = PBXFileReference; lastKnownFileType = sourcecode.swift; path = Color.swift; sourceTree = "<group>"; };
		440B402D2BA212B200B02BC4 /* AnalyticsService.swift */ = {isa = PBXFileReference; lastKnownFileType = sourcecode.swift; path = AnalyticsService.swift; sourceTree = "<group>"; };
		440B402F2BA2280500B02BC4 /* ru */ = {isa = PBXFileReference; lastKnownFileType = text.plist.strings; name = ru; path = ru.lproj/LaunchScreen.strings; sourceTree = "<group>"; };
		440B40312BA2289100B02BC4 /* en */ = {isa = PBXFileReference; lastKnownFileType = text.plist.strings; name = en; path = en.lproj/LaunchScreen.strings; sourceTree = "<group>"; };
		440B40332BA2294B00B02BC4 /* ru */ = {isa = PBXFileReference; lastKnownFileType = text.plist.strings; name = ru; path = ru.lproj/Localizable.strings; sourceTree = "<group>"; };
		440B40352BA2296C00B02BC4 /* en */ = {isa = PBXFileReference; lastKnownFileType = text.plist.strings; name = en; path = en.lproj/Localizable.strings; sourceTree = "<group>"; };
		440B40372BA22E4700B02BC4 /* ru */ = {isa = PBXFileReference; lastKnownFileType = text.plist.stringsdict; name = ru; path = ru.lproj/Localizable.stringsdict; sourceTree = "<group>"; };
		440B40392BA22E4D00B02BC4 /* en */ = {isa = PBXFileReference; lastKnownFileType = text.plist.stringsdict; name = en; path = en.lproj/Localizable.stringsdict; sourceTree = "<group>"; };
		441324762B25EE4E00CE4CFF /* TrackersCell.swift */ = {isa = PBXFileReference; lastKnownFileType = sourcecode.swift; path = TrackersCell.swift; sourceTree = "<group>"; };
		4413247A2B25FF6C00CE4CFF /* GeometricParams.swift */ = {isa = PBXFileReference; lastKnownFileType = sourcecode.swift; path = GeometricParams.swift; sourceTree = "<group>"; };
		4413247C2B26225300CE4CFF /* HeaderCellView.swift */ = {isa = PBXFileReference; lastKnownFileType = sourcecode.swift; path = HeaderCellView.swift; sourceTree = "<group>"; };
		4413247E2B2773DD00CE4CFF /* CreateNewTrackerViewController.swift */ = {isa = PBXFileReference; lastKnownFileType = sourcecode.swift; path = CreateNewTrackerViewController.swift; sourceTree = "<group>"; };
		441324802B277B3900CE4CFF /* CreateNewHabitViewController.swift */ = {isa = PBXFileReference; lastKnownFileType = sourcecode.swift; path = CreateNewHabitViewController.swift; sourceTree = "<group>"; };
		441324822B28C44800CE4CFF /* UITextField + Extensions.swift */ = {isa = PBXFileReference; lastKnownFileType = sourcecode.swift; path = "UITextField + Extensions.swift"; sourceTree = "<group>"; };
		441324842B28C89300CE4CFF /* MainTableViewCell.swift */ = {isa = PBXFileReference; lastKnownFileType = sourcecode.swift; path = MainTableViewCell.swift; sourceTree = "<group>"; };
		441324872B2B661B00CE4CFF /* ScheduleViewController.swift */ = {isa = PBXFileReference; lastKnownFileType = sourcecode.swift; path = ScheduleViewController.swift; sourceTree = "<group>"; };
		441324892B2B6B5E00CE4CFF /* ScheduleTableViewCell.swift */ = {isa = PBXFileReference; lastKnownFileType = sourcecode.swift; path = ScheduleTableViewCell.swift; sourceTree = "<group>"; };
		4413248B2B2CB17300CE4CFF /* DayOfWeek.swift */ = {isa = PBXFileReference; lastKnownFileType = sourcecode.swift; path = DayOfWeek.swift; sourceTree = "<group>"; };
		4413248D2B31F6F200CE4CFF /* Date + Extensions.swift */ = {isa = PBXFileReference; lastKnownFileType = sourcecode.swift; path = "Date + Extensions.swift"; sourceTree = "<group>"; };
		441324912B3206FA00CE4CFF /* TrackersCellDelegate.swift */ = {isa = PBXFileReference; lastKnownFileType = sourcecode.swift; path = TrackersCellDelegate.swift; sourceTree = "<group>"; };
		441C46A42B6D379100BC079E /* UITableViewCell + Extention.swift */ = {isa = PBXFileReference; lastKnownFileType = sourcecode.swift; path = "UITableViewCell + Extention.swift"; sourceTree = "<group>"; };
		447D80362B9B5D8100A06D3F /* OnboardingViewController.swift */ = {isa = PBXFileReference; lastKnownFileType = sourcecode.swift; path = OnboardingViewController.swift; sourceTree = "<group>"; };
		447D80382B9B5E3700A06D3F /* PagesViewController.swift */ = {isa = PBXFileReference; lastKnownFileType = sourcecode.swift; path = PagesViewController.swift; sourceTree = "<group>"; };
		447D803A2B9B6A7B00A06D3F /* PagesSettings.swift */ = {isa = PBXFileReference; lastKnownFileType = sourcecode.swift; path = PagesSettings.swift; sourceTree = "<group>"; };
		447D803E2B9B82CC00A06D3F /* OnboardingViewDelegate.swift */ = {isa = PBXFileReference; lastKnownFileType = sourcecode.swift; path = OnboardingViewDelegate.swift; sourceTree = "<group>"; };
		447D80432B9B99AC00A06D3F /* CategoryViewModel.swift */ = {isa = PBXFileReference; lastKnownFileType = sourcecode.swift; path = CategoryViewModel.swift; sourceTree = "<group>"; };
		447D804B2B9E040700A06D3F /* CategoryViewModelProtocol.swift */ = {isa = PBXFileReference; lastKnownFileType = sourcecode.swift; path = CategoryViewModelProtocol.swift; sourceTree = "<group>"; };
		447D80592B9F926C00A06D3F /* FixedTrackersStore.swift */ = {isa = PBXFileReference; lastKnownFileType = sourcecode.swift; path = FixedTrackersStore.swift; sourceTree = "<group>"; };
		447D805B2B9F92E600A06D3F /* FixedTrackersStoreProtocol.swift */ = {isa = PBXFileReference; lastKnownFileType = sourcecode.swift; path = FixedTrackersStoreProtocol.swift; sourceTree = "<group>"; };
		44ABD1BB2B8663C400ADF2AA /* TrackerDB.xcdatamodel */ = {isa = PBXFileReference; lastKnownFileType = wrapper.xcdatamodel; path = TrackerDB.xcdatamodel; sourceTree = "<group>"; };
		44ABD1FE2B8E37A700ADF2AA /* TrackerStore.swift */ = {isa = PBXFileReference; lastKnownFileType = sourcecode.swift; path = TrackerStore.swift; sourceTree = "<group>"; };
		44ABD2002B8E37B600ADF2AA /* TrackerCategoryStore.swift */ = {isa = PBXFileReference; lastKnownFileType = sourcecode.swift; path = TrackerCategoryStore.swift; sourceTree = "<group>"; };
		44ABD2022B8E37C600ADF2AA /* TrackerRecordStore.swift */ = {isa = PBXFileReference; lastKnownFileType = sourcecode.swift; path = TrackerRecordStore.swift; sourceTree = "<group>"; };
		44ABD2062B8F97AC00ADF2AA /* TrackerDataStore.swift */ = {isa = PBXFileReference; lastKnownFileType = sourcecode.swift; path = TrackerDataStore.swift; sourceTree = "<group>"; };
		44ABD20A2B8F9A1400ADF2AA /* DataProviderProtocol.swift */ = {isa = PBXFileReference; lastKnownFileType = sourcecode.swift; path = DataProviderProtocol.swift; sourceTree = "<group>"; };
		44ABD20C2B8FA7CD00ADF2AA /* DataProvider.swift */ = {isa = PBXFileReference; lastKnownFileType = sourcecode.swift; path = DataProvider.swift; sourceTree = "<group>"; };
		44ABD2102B8FA89500ADF2AA /* TrackerStoreUpdate.swift */ = {isa = PBXFileReference; lastKnownFileType = sourcecode.swift; path = TrackerStoreUpdate.swift; sourceTree = "<group>"; };
		44ABD2162B8FBAAC00ADF2AA /* CategoryDataStore.swift */ = {isa = PBXFileReference; lastKnownFileType = sourcecode.swift; path = CategoryDataStore.swift; sourceTree = "<group>"; };
		44ABD2182B8FBAEF00ADF2AA /* RecordDataStore.swift */ = {isa = PBXFileReference; lastKnownFileType = sourcecode.swift; path = RecordDataStore.swift; sourceTree = "<group>"; };
		44ABD21A2B90B99A00ADF2AA /* DaysValueTransformer.swift */ = {isa = PBXFileReference; lastKnownFileType = sourcecode.swift; path = DaysValueTransformer.swift; sourceTree = "<group>"; };
		44ABD21C2B90DB0300ADF2AA /* UIColorValueTransformer.swift */ = {isa = PBXFileReference; lastKnownFileType = sourcecode.swift; path = UIColorValueTransformer.swift; sourceTree = "<group>"; };
		44B3187C2B5BD61600CA1206 /* PresentViewCell.swift */ = {isa = PBXFileReference; lastKnownFileType = sourcecode.swift; path = PresentViewCell.swift; sourceTree = "<group>"; };
		44B3187E2B5BD95700CA1206 /* SupplementaryView.swift */ = {isa = PBXFileReference; lastKnownFileType = sourcecode.swift; path = SupplementaryView.swift; sourceTree = "<group>"; };
		44DE3A282B600921007F5B5E /* CategoryViewController.swift */ = {isa = PBXFileReference; lastKnownFileType = sourcecode.swift; path = CategoryViewController.swift; sourceTree = "<group>"; };
		44DE3A312B6025AD007F5B5E /* CategoriesTableViewCell.swift */ = {isa = PBXFileReference; lastKnownFileType = sourcecode.swift; path = CategoriesTableViewCell.swift; sourceTree = "<group>"; };
		44DE3A332B6036A4007F5B5E /* CategoryViewControllerDelegate.swift */ = {isa = PBXFileReference; lastKnownFileType = sourcecode.swift; path = CategoryViewControllerDelegate.swift; sourceTree = "<group>"; };
		44DE3A352B60E3BA007F5B5E /* CreateNewCategoryViewController.swift */ = {isa = PBXFileReference; lastKnownFileType = sourcecode.swift; path = CreateNewCategoryViewController.swift; sourceTree = "<group>"; };
		44DE3A372B60E841007F5B5E /* CreateNewCategoryViewControllerDelegate.swift */ = {isa = PBXFileReference; lastKnownFileType = sourcecode.swift; path = CreateNewCategoryViewControllerDelegate.swift; sourceTree = "<group>"; };
		44DE3A392B60F3D6007F5B5E /* ScheduleViewControllerDelegate.swift */ = {isa = PBXFileReference; lastKnownFileType = sourcecode.swift; path = ScheduleViewControllerDelegate.swift; sourceTree = "<group>"; };
		44DE3A3B2B61024B007F5B5E /* CreateNewHabitViewControllerDelegate.swift */ = {isa = PBXFileReference; lastKnownFileType = sourcecode.swift; path = CreateNewHabitViewControllerDelegate.swift; sourceTree = "<group>"; };
		44DE3A3D2B610EE9007F5B5E /* TrackersViewControllerDelegate.swift */ = {isa = PBXFileReference; lastKnownFileType = sourcecode.swift; path = TrackersViewControllerDelegate.swift; sourceTree = "<group>"; };
		44DE3A3F2B62DC80007F5B5E /* Int + Extension.swift */ = {isa = PBXFileReference; lastKnownFileType = sourcecode.swift; path = "Int + Extension.swift"; sourceTree = "<group>"; };
		44E440A12B5D9A1C00AC2F4F /* ColorViewCell.swift */ = {isa = PBXFileReference; lastKnownFileType = sourcecode.swift; path = ColorViewCell.swift; sourceTree = "<group>"; };
		93F78862DF2484C9FA023206 /* Pods-TrackerTests.release.xcconfig */ = {isa = PBXFileReference; includeInIndex = 1; lastKnownFileType = text.xcconfig; name = "Pods-TrackerTests.release.xcconfig"; path = "Target Support Files/Pods-TrackerTests/Pods-TrackerTests.release.xcconfig"; sourceTree = "<group>"; };
		97E8E95482AC2DC249F5E22B /* Pods_Tracker.framework */ = {isa = PBXFileReference; explicitFileType = wrapper.framework; includeInIndex = 0; path = Pods_Tracker.framework; sourceTree = BUILT_PRODUCTS_DIR; };
		BFC30D3D1DD001B23CA3F132 /* Pods-TrackerTests.debug.xcconfig */ = {isa = PBXFileReference; includeInIndex = 1; lastKnownFileType = text.xcconfig; name = "Pods-TrackerTests.debug.xcconfig"; path = "Target Support Files/Pods-TrackerTests/Pods-TrackerTests.debug.xcconfig"; sourceTree = "<group>"; };
		F60A0A43BE99AE23A2EE341A /* Pods_TrackerTests.framework */ = {isa = PBXFileReference; explicitFileType = wrapper.framework; includeInIndex = 0; path = Pods_TrackerTests.framework; sourceTree = BUILT_PRODUCTS_DIR; };
/* End PBXFileReference section */

/* Begin PBXFrameworksBuildPhase section */
		440289D22B17A04100A0BEBE /* Frameworks */ = {
			isa = PBXFrameworksBuildPhase;
			buildActionMask = 2147483647;
			files = (
				1AD42B00B4C64D797838AF33 /* Pods_Tracker.framework in Frameworks */,
			);
			runOnlyForDeploymentPostprocessing = 0;
		};
		440B40162BA107B900B02BC4 /* Frameworks */ = {
			isa = PBXFrameworksBuildPhase;
			buildActionMask = 2147483647;
			files = (
				440B40242BA1089200B02BC4 /* InlineSnapshotTesting in Frameworks */,
				440B40262BA1089200B02BC4 /* SnapshotTesting in Frameworks */,
				87479703EA0A2209AC9AB901 /* Pods_TrackerTests.framework in Frameworks */,
			);
			runOnlyForDeploymentPostprocessing = 0;
		};
/* End PBXFrameworksBuildPhase section */

/* Begin PBXGroup section */
		2FB92E435B7EFD5F04012BB0 /* Pods */ = {
			isa = PBXGroup;
			children = (
				056B6CC66BD0EE7594BAFC21 /* Pods-Tracker.debug.xcconfig */,
				21D265F96853569EB825AF5E /* Pods-Tracker.release.xcconfig */,
				BFC30D3D1DD001B23CA3F132 /* Pods-TrackerTests.debug.xcconfig */,
				93F78862DF2484C9FA023206 /* Pods-TrackerTests.release.xcconfig */,
			);
			path = Pods;
			sourceTree = "<group>";
		};
		440289CC2B17A04100A0BEBE = {
			isa = PBXGroup;
			children = (
				440289D72B17A04100A0BEBE /* Tracker */,
				440B401A2BA107B900B02BC4 /* TrackerTests */,
				440289D62B17A04100A0BEBE /* Products */,
				2FB92E435B7EFD5F04012BB0 /* Pods */,
				C635F812748F03ED036B4D87 /* Frameworks */,
			);
			sourceTree = "<group>";
		};
		440289D62B17A04100A0BEBE /* Products */ = {
			isa = PBXGroup;
			children = (
				440289D52B17A04100A0BEBE /* Tracker.app */,
				440B40192BA107B900B02BC4 /* TrackerTests.xctest */,
			);
			name = Products;
			sourceTree = "<group>";
		};
		440289D72B17A04100A0BEBE /* Tracker */ = {
			isa = PBXGroup;
			children = (
				4413248F2B32067400CE4CFF /* Protocols */,
				441324902B3206DC00CE4CFF /* Delegates */,
				440289EE2B18ECAB00A0BEBE /* Navigation */,
				440B403A2BA35E9600B02BC4 /* ViewControllers */,
				447D80522B9EF8C200A06D3F /* Resources */,
				44ABD1FC2B866E4400ADF2AA /* CoreData */,
				440B403D2BA3600200B02BC4 /* System */,
				440289F32B18F44700A0BEBE /* Extensions */,
				440289E12B17A04200A0BEBE /* Assets.xcassets */,
				440289E32B17A04200A0BEBE /* LaunchScreen.storyboard */,
				440289E62B17A04200A0BEBE /* Info.plist */,
			);
			path = Tracker;
			sourceTree = "<group>";
		};
		440289EE2B18ECAB00A0BEBE /* Navigation */ = {
			isa = PBXGroup;
			children = (
				440289EC2B18EA0600A0BEBE /* TabBarController.swift */,
			);
			path = Navigation;
			sourceTree = "<group>";
		};
		440289F32B18F44700A0BEBE /* Extensions */ = {
			isa = PBXGroup;
			children = (
				440289F42B18F45F00A0BEBE /* UIColor + Extensions.swift */,
				441324822B28C44800CE4CFF /* UITextField + Extensions.swift */,
				4413248D2B31F6F200CE4CFF /* Date + Extensions.swift */,
				44DE3A3F2B62DC80007F5B5E /* Int + Extension.swift */,
				441C46A42B6D379100BC079E /* UITableViewCell + Extention.swift */,
			);
			path = Extensions;
			sourceTree = "<group>";
		};
		440B401A2BA107B900B02BC4 /* TrackerTests */ = {
			isa = PBXGroup;
			children = (
				440B401B2BA107B900B02BC4 /* TrackerTests.swift */,
			);
			path = TrackerTests;
			sourceTree = "<group>";
		};
		440B403A2BA35E9600B02BC4 /* ViewControllers */ = {
			isa = PBXGroup;
			children = (
				447D80352B9B5CF600A06D3F /* PagesViewController */,
				441324782B25F3E500CE4CFF /* Trackers */,
				440B403C2BA35F7B00B02BC4 /* Filters */,
				440B403B2BA35F4E00B02BC4 /* Statistic */,
			);
			path = ViewControllers;
			sourceTree = "<group>";
		};
		440B403B2BA35F4E00B02BC4 /* Statistic */ = {
			isa = PBXGroup;
			children = (
				440289F12B18ED3A00A0BEBE /* StatisticViewController.swift */,
			);
			path = Statistic;
			sourceTree = "<group>";
		};
		440B403C2BA35F7B00B02BC4 /* Filters */ = {
			isa = PBXGroup;
			children = (
				440B400D2BA0EFCE00B02BC4 /* FiltersViewController.swift */,
			);
			path = Filters;
			sourceTree = "<group>";
		};
		440B403D2BA3600200B02BC4 /* System */ = {
			isa = PBXGroup;
			children = (
				440289D82B17A04100A0BEBE /* AppDelegate.swift */,
				440289DA2B17A04100A0BEBE /* SceneDelegate.swift */,
				440B402D2BA212B200B02BC4 /* AnalyticsService.swift */,
			);
			path = System;
			sourceTree = "<group>";
		};
		441324782B25F3E500CE4CFF /* Trackers */ = {
			isa = PBXGroup;
			children = (
				447D80422B9B996E00A06D3F /* CategoryViewController */,
				440289EF2B18ED2100A0BEBE /* TrackersViewController.swift */,
				4413247E2B2773DD00CE4CFF /* CreateNewTrackerViewController.swift */,
				441324802B277B3900CE4CFF /* CreateNewHabitViewController.swift */,
				441324872B2B661B00CE4CFF /* ScheduleViewController.swift */,
				44DE3A352B60E3BA007F5B5E /* CreateNewCategoryViewController.swift */,
				441324792B25F40F00CE4CFF /* Models */,
			);
			path = Trackers;
			sourceTree = "<group>";
		};
		441324792B25F40F00CE4CFF /* Models */ = {
			isa = PBXGroup;
			children = (
				441324862B28C8A700CE4CFF /* Cells */,
				44028A3B2B23798100A0BEBE /* Tracker.swift */,
				44028A3D2B23798F00A0BEBE /* TrackerCategory.swift */,
				44028A3F2B23799C00A0BEBE /* TrackerRecord.swift */,
				4413247A2B25FF6C00CE4CFF /* GeometricParams.swift */,
				4413248B2B2CB17300CE4CFF /* DayOfWeek.swift */,
				44ABD2102B8FA89500ADF2AA /* TrackerStoreUpdate.swift */,
				440B400F2BA0F17E00B02BC4 /* Filters.swift */,
				440B40292BA1DA8A00B02BC4 /* Indicators.swift */,
				440B402B2BA200EA00B02BC4 /* Color.swift */,
			);
			path = Models;
			sourceTree = "<group>";
		};
		441324862B28C8A700CE4CFF /* Cells */ = {
			isa = PBXGroup;
			children = (
				441324762B25EE4E00CE4CFF /* TrackersCell.swift */,
				4413247C2B26225300CE4CFF /* HeaderCellView.swift */,
				441324842B28C89300CE4CFF /* MainTableViewCell.swift */,
				441324892B2B6B5E00CE4CFF /* ScheduleTableViewCell.swift */,
				44B3187C2B5BD61600CA1206 /* PresentViewCell.swift */,
				44B3187E2B5BD95700CA1206 /* SupplementaryView.swift */,
				44E440A12B5D9A1C00AC2F4F /* ColorViewCell.swift */,
				44DE3A312B6025AD007F5B5E /* CategoriesTableViewCell.swift */,
				440B40272BA1A26300B02BC4 /* StatisticCell.swift */,
			);
			path = Cells;
			sourceTree = "<group>";
		};
		4413248F2B32067400CE4CFF /* Protocols */ = {
			isa = PBXGroup;
			children = (
				44ABD2062B8F97AC00ADF2AA /* TrackerDataStore.swift */,
				44ABD2162B8FBAAC00ADF2AA /* CategoryDataStore.swift */,
				44ABD2182B8FBAEF00ADF2AA /* RecordDataStore.swift */,
				44ABD20A2B8F9A1400ADF2AA /* DataProviderProtocol.swift */,
				447D804B2B9E040700A06D3F /* CategoryViewModelProtocol.swift */,
				447D805B2B9F92E600A06D3F /* FixedTrackersStoreProtocol.swift */,
			);
			path = Protocols;
			sourceTree = "<group>";
		};
		441324902B3206DC00CE4CFF /* Delegates */ = {
			isa = PBXGroup;
			children = (
				441324912B3206FA00CE4CFF /* TrackersCellDelegate.swift */,
				44DE3A332B6036A4007F5B5E /* CategoryViewControllerDelegate.swift */,
				44DE3A372B60E841007F5B5E /* CreateNewCategoryViewControllerDelegate.swift */,
				44DE3A392B60F3D6007F5B5E /* ScheduleViewControllerDelegate.swift */,
				44DE3A3B2B61024B007F5B5E /* CreateNewHabitViewControllerDelegate.swift */,
				44DE3A3D2B610EE9007F5B5E /* TrackersViewControllerDelegate.swift */,
				447D803E2B9B82CC00A06D3F /* OnboardingViewDelegate.swift */,
				440B40132BA0FBE400B02BC4 /* FilterViewDelegate.swift */,
			);
			path = Delegates;
			sourceTree = "<group>";
		};
		447D80352B9B5CF600A06D3F /* PagesViewController */ = {
			isa = PBXGroup;
			children = (
				447D80362B9B5D8100A06D3F /* OnboardingViewController.swift */,
				447D80382B9B5E3700A06D3F /* PagesViewController.swift */,
				447D803A2B9B6A7B00A06D3F /* PagesSettings.swift */,
			);
			path = PagesViewController;
			sourceTree = "<group>";
		};
		447D80422B9B996E00A06D3F /* CategoryViewController */ = {
			isa = PBXGroup;
			children = (
				44DE3A282B600921007F5B5E /* CategoryViewController.swift */,
				447D80432B9B99AC00A06D3F /* CategoryViewModel.swift */,
			);
			path = CategoryViewController;
			sourceTree = "<group>";
		};
		447D80522B9EF8C200A06D3F /* Resources */ = {
			isa = PBXGroup;
			children = (
				440B40342BA2294B00B02BC4 /* Localizable.strings */,
				440B40382BA22E4700B02BC4 /* Localizable.stringsdict */,
			);
			path = Resources;
			sourceTree = "<group>";
		};
		44ABD1FC2B866E4400ADF2AA /* CoreData */ = {
			isa = PBXGroup;
			children = (
				44ABD1FD2B8E378500ADF2AA /* Stores */,
				44ABD1BA2B8663C400ADF2AA /* TrackerDB.xcdatamodeld */,
			);
			path = CoreData;
			sourceTree = "<group>";
		};
		44ABD1FD2B8E378500ADF2AA /* Stores */ = {
			isa = PBXGroup;
			children = (
				44ABD1FE2B8E37A700ADF2AA /* TrackerStore.swift */,
				44ABD2002B8E37B600ADF2AA /* TrackerCategoryStore.swift */,
				44ABD2022B8E37C600ADF2AA /* TrackerRecordStore.swift */,
				447D80592B9F926C00A06D3F /* FixedTrackersStore.swift */,
				44ABD20C2B8FA7CD00ADF2AA /* DataProvider.swift */,
				44ABD21A2B90B99A00ADF2AA /* DaysValueTransformer.swift */,
				44ABD21C2B90DB0300ADF2AA /* UIColorValueTransformer.swift */,
			);
			path = Stores;
			sourceTree = "<group>";
		};
		C635F812748F03ED036B4D87 /* Frameworks */ = {
			isa = PBXGroup;
			children = (
				97E8E95482AC2DC249F5E22B /* Pods_Tracker.framework */,
				F60A0A43BE99AE23A2EE341A /* Pods_TrackerTests.framework */,
			);
			name = Frameworks;
			sourceTree = "<group>";
		};
/* End PBXGroup section */

/* Begin PBXNativeTarget section */
		440289D42B17A04100A0BEBE /* Tracker */ = {
			isa = PBXNativeTarget;
			buildConfigurationList = 440289E92B17A04200A0BEBE /* Build configuration list for PBXNativeTarget "Tracker" */;
			buildPhases = (
				BE28C8686F255073ADE57E3F /* [CP] Check Pods Manifest.lock */,
				440289D12B17A04100A0BEBE /* Sources */,
				440289D22B17A04100A0BEBE /* Frameworks */,
				440289D32B17A04100A0BEBE /* Resources */,
				6C0F5A560FB66A6044D070F9 /* [CP] Embed Pods Frameworks */,
			);
			buildRules = (
			);
			dependencies = (
			);
			name = Tracker;
			productName = Tracker;
			productReference = 440289D52B17A04100A0BEBE /* Tracker.app */;
			productType = "com.apple.product-type.application";
		};
		440B40182BA107B900B02BC4 /* TrackerTests */ = {
			isa = PBXNativeTarget;
			buildConfigurationList = 440B401F2BA107B900B02BC4 /* Build configuration list for PBXNativeTarget "TrackerTests" */;
			buildPhases = (
				42B40080594137D8CCFBDC23 /* [CP] Check Pods Manifest.lock */,
				440B40152BA107B900B02BC4 /* Sources */,
				440B40162BA107B900B02BC4 /* Frameworks */,
				440B40172BA107B900B02BC4 /* Resources */,
			);
			buildRules = (
			);
			dependencies = (
				440B401E2BA107B900B02BC4 /* PBXTargetDependency */,
			);
			name = TrackerTests;
			packageProductDependencies = (
				440B40232BA1089200B02BC4 /* InlineSnapshotTesting */,
				440B40252BA1089200B02BC4 /* SnapshotTesting */,
			);
			productName = TrackerTests;
			productReference = 440B40192BA107B900B02BC4 /* TrackerTests.xctest */;
			productType = "com.apple.product-type.bundle.unit-test";
		};
/* End PBXNativeTarget section */

/* Begin PBXProject section */
		440289CD2B17A04100A0BEBE /* Project object */ = {
			isa = PBXProject;
			attributes = {
				BuildIndependentTargetsInParallel = 1;
				LastSwiftUpdateCheck = 1520;
				LastUpgradeCheck = 1430;
				TargetAttributes = {
					440289D42B17A04100A0BEBE = {
						CreatedOnToolsVersion = 14.3;
					};
					440B40182BA107B900B02BC4 = {
						CreatedOnToolsVersion = 15.2;
						TestTargetID = 440289D42B17A04100A0BEBE;
					};
				};
			};
			buildConfigurationList = 440289D02B17A04100A0BEBE /* Build configuration list for PBXProject "Tracker" */;
			compatibilityVersion = "Xcode 14.0";
			developmentRegion = ru;
			hasScannedForEncodings = 0;
			knownRegions = (
				Base,
				ru,
				en,
			);
			mainGroup = 440289CC2B17A04100A0BEBE;
			packageReferences = (
				440B40222BA1089200B02BC4 /* XCRemoteSwiftPackageReference "swift-snapshot-testing" */,
			);
			productRefGroup = 440289D62B17A04100A0BEBE /* Products */;
			projectDirPath = "";
			projectRoot = "";
			targets = (
				440289D42B17A04100A0BEBE /* Tracker */,
				440B40182BA107B900B02BC4 /* TrackerTests */,
			);
		};
/* End PBXProject section */

/* Begin PBXResourcesBuildPhase section */
		440289D32B17A04100A0BEBE /* Resources */ = {
			isa = PBXResourcesBuildPhase;
			buildActionMask = 2147483647;
			files = (
				440289E52B17A04200A0BEBE /* LaunchScreen.storyboard in Resources */,
				440B40362BA22E4700B02BC4 /* Localizable.stringsdict in Resources */,
				440B40322BA2294B00B02BC4 /* Localizable.strings in Resources */,
				440289E22B17A04200A0BEBE /* Assets.xcassets in Resources */,
			);
			runOnlyForDeploymentPostprocessing = 0;
		};
		440B40172BA107B900B02BC4 /* Resources */ = {
			isa = PBXResourcesBuildPhase;
			buildActionMask = 2147483647;
			files = (
			);
			runOnlyForDeploymentPostprocessing = 0;
		};
/* End PBXResourcesBuildPhase section */

/* Begin PBXShellScriptBuildPhase section */
		42B40080594137D8CCFBDC23 /* [CP] Check Pods Manifest.lock */ = {
			isa = PBXShellScriptBuildPhase;
			buildActionMask = 2147483647;
			files = (
			);
			inputFileListPaths = (
			);
			inputPaths = (
				"${PODS_PODFILE_DIR_PATH}/Podfile.lock",
				"${PODS_ROOT}/Manifest.lock",
			);
			name = "[CP] Check Pods Manifest.lock";
			outputFileListPaths = (
			);
			outputPaths = (
				"$(DERIVED_FILE_DIR)/Pods-TrackerTests-checkManifestLockResult.txt",
			);
			runOnlyForDeploymentPostprocessing = 0;
			shellPath = /bin/sh;
			shellScript = "diff \"${PODS_PODFILE_DIR_PATH}/Podfile.lock\" \"${PODS_ROOT}/Manifest.lock\" > /dev/null\nif [ $? != 0 ] ; then\n    # print error to STDERR\n    echo \"error: The sandbox is not in sync with the Podfile.lock. Run 'pod install' or update your CocoaPods installation.\" >&2\n    exit 1\nfi\n# This output is used by Xcode 'outputs' to avoid re-running this script phase.\necho \"SUCCESS\" > \"${SCRIPT_OUTPUT_FILE_0}\"\n";
			showEnvVarsInLog = 0;
		};
		6C0F5A560FB66A6044D070F9 /* [CP] Embed Pods Frameworks */ = {
			isa = PBXShellScriptBuildPhase;
			buildActionMask = 2147483647;
			files = (
			);
			inputFileListPaths = (
				"${PODS_ROOT}/Target Support Files/Pods-Tracker/Pods-Tracker-frameworks-${CONFIGURATION}-input-files.xcfilelist",
			);
			name = "[CP] Embed Pods Frameworks";
			outputFileListPaths = (
				"${PODS_ROOT}/Target Support Files/Pods-Tracker/Pods-Tracker-frameworks-${CONFIGURATION}-output-files.xcfilelist",
			);
			runOnlyForDeploymentPostprocessing = 0;
			shellPath = /bin/sh;
			shellScript = "\"${PODS_ROOT}/Target Support Files/Pods-Tracker/Pods-Tracker-frameworks.sh\"\n";
			showEnvVarsInLog = 0;
		};
		BE28C8686F255073ADE57E3F /* [CP] Check Pods Manifest.lock */ = {
			isa = PBXShellScriptBuildPhase;
			buildActionMask = 2147483647;
			files = (
			);
			inputFileListPaths = (
			);
			inputPaths = (
				"${PODS_PODFILE_DIR_PATH}/Podfile.lock",
				"${PODS_ROOT}/Manifest.lock",
			);
			name = "[CP] Check Pods Manifest.lock";
			outputFileListPaths = (
			);
			outputPaths = (
				"$(DERIVED_FILE_DIR)/Pods-Tracker-checkManifestLockResult.txt",
			);
			runOnlyForDeploymentPostprocessing = 0;
			shellPath = /bin/sh;
			shellScript = "diff \"${PODS_PODFILE_DIR_PATH}/Podfile.lock\" \"${PODS_ROOT}/Manifest.lock\" > /dev/null\nif [ $? != 0 ] ; then\n    # print error to STDERR\n    echo \"error: The sandbox is not in sync with the Podfile.lock. Run 'pod install' or update your CocoaPods installation.\" >&2\n    exit 1\nfi\n# This output is used by Xcode 'outputs' to avoid re-running this script phase.\necho \"SUCCESS\" > \"${SCRIPT_OUTPUT_FILE_0}\"\n";
			showEnvVarsInLog = 0;
		};
/* End PBXShellScriptBuildPhase section */

/* Begin PBXSourcesBuildPhase section */
		440289D12B17A04100A0BEBE /* Sources */ = {
			isa = PBXSourcesBuildPhase;
			buildActionMask = 2147483647;
			files = (
				44ABD2072B8F97AC00ADF2AA /* TrackerDataStore.swift in Sources */,
				4413247F2B2773DD00CE4CFF /* CreateNewTrackerViewController.swift in Sources */,
				44ABD21B2B90B99A00ADF2AA /* DaysValueTransformer.swift in Sources */,
				4413248C2B2CB17300CE4CFF /* DayOfWeek.swift in Sources */,
				44ABD1FF2B8E37A700ADF2AA /* TrackerStore.swift in Sources */,
				44028A3E2B23798F00A0BEBE /* TrackerCategory.swift in Sources */,
				440B402A2BA1DA8A00B02BC4 /* Indicators.swift in Sources */,
				4413248A2B2B6B5E00CE4CFF /* ScheduleTableViewCell.swift in Sources */,
				44E440A22B5D9A1C00AC2F4F /* ColorViewCell.swift in Sources */,
				44ABD1BC2B8663C400ADF2AA /* TrackerDB.xcdatamodeld in Sources */,
				440B400E2BA0EFCE00B02BC4 /* FiltersViewController.swift in Sources */,
				44DE3A322B6025AD007F5B5E /* CategoriesTableViewCell.swift in Sources */,
				44ABD2012B8E37B600ADF2AA /* TrackerCategoryStore.swift in Sources */,
				44DE3A3A2B60F3D6007F5B5E /* ScheduleViewControllerDelegate.swift in Sources */,
				447D80442B9B99AC00A06D3F /* CategoryViewModel.swift in Sources */,
				44ABD2192B8FBAEF00ADF2AA /* RecordDataStore.swift in Sources */,
				447D805C2B9F92E600A06D3F /* FixedTrackersStoreProtocol.swift in Sources */,
				44DE3A382B60E841007F5B5E /* CreateNewCategoryViewControllerDelegate.swift in Sources */,
				441324882B2B661B00CE4CFF /* ScheduleViewController.swift in Sources */,
				44ABD21D2B90DB0300ADF2AA /* UIColorValueTransformer.swift in Sources */,
				44B3187F2B5BD95700CA1206 /* SupplementaryView.swift in Sources */,
				440289ED2B18EA0600A0BEBE /* TabBarController.swift in Sources */,
				44ABD20B2B8F9A1400ADF2AA /* DataProviderProtocol.swift in Sources */,
				441324922B3206FA00CE4CFF /* TrackersCellDelegate.swift in Sources */,
				44DE3A292B600921007F5B5E /* CategoryViewController.swift in Sources */,
				44DE3A3C2B61024B007F5B5E /* CreateNewHabitViewControllerDelegate.swift in Sources */,
				4413247B2B25FF6C00CE4CFF /* GeometricParams.swift in Sources */,
				440289F02B18ED2100A0BEBE /* TrackersViewController.swift in Sources */,
				441324852B28C89300CE4CFF /* MainTableViewCell.swift in Sources */,
				44DE3A362B60E3BA007F5B5E /* CreateNewCategoryViewController.swift in Sources */,
				440289F52B18F45F00A0BEBE /* UIColor + Extensions.swift in Sources */,
				44DE3A3E2B610EE9007F5B5E /* TrackersViewControllerDelegate.swift in Sources */,
				44028A402B23799C00A0BEBE /* TrackerRecord.swift in Sources */,
				44028A3C2B23798100A0BEBE /* Tracker.swift in Sources */,
				441324772B25EE4E00CE4CFF /* TrackersCell.swift in Sources */,
				44DE3A342B6036A4007F5B5E /* CategoryViewControllerDelegate.swift in Sources */,
				44B3187D2B5BD61600CA1206 /* PresentViewCell.swift in Sources */,
				4413247D2B26225300CE4CFF /* HeaderCellView.swift in Sources */,
				441324832B28C44800CE4CFF /* UITextField + Extensions.swift in Sources */,
				44ABD2112B8FA89500ADF2AA /* TrackerStoreUpdate.swift in Sources */,
				440289F22B18ED3A00A0BEBE /* StatisticViewController.swift in Sources */,
				440289D92B17A04100A0BEBE /* AppDelegate.swift in Sources */,
				447D804C2B9E040700A06D3F /* CategoryViewModelProtocol.swift in Sources */,
				440B40142BA0FBE400B02BC4 /* FilterViewDelegate.swift in Sources */,
				447D80372B9B5D8100A06D3F /* OnboardingViewController.swift in Sources */,
				447D803B2B9B6A7B00A06D3F /* PagesSettings.swift in Sources */,
				441C46A52B6D379100BC079E /* UITableViewCell + Extention.swift in Sources */,
				440289DB2B17A04100A0BEBE /* SceneDelegate.swift in Sources */,
				44ABD2172B8FBAAD00ADF2AA /* CategoryDataStore.swift in Sources */,
				44ABD2032B8E37C600ADF2AA /* TrackerRecordStore.swift in Sources */,
				4413248E2B31F6F200CE4CFF /* Date + Extensions.swift in Sources */,
				440B40102BA0F17E00B02BC4 /* Filters.swift in Sources */,
				44DE3A402B62DC80007F5B5E /* Int + Extension.swift in Sources */,
				440B402C2BA200EA00B02BC4 /* Color.swift in Sources */,
				440B402E2BA212B200B02BC4 /* AnalyticsService.swift in Sources */,
				447D805A2B9F926C00A06D3F /* FixedTrackersStore.swift in Sources */,
				44ABD20D2B8FA7CD00ADF2AA /* DataProvider.swift in Sources */,
				447D80392B9B5E3700A06D3F /* PagesViewController.swift in Sources */,
				447D803F2B9B82CC00A06D3F /* OnboardingViewDelegate.swift in Sources */,
				441324812B277B3900CE4CFF /* CreateNewHabitViewController.swift in Sources */,
				440B40282BA1A26300B02BC4 /* StatisticCell.swift in Sources */,
			);
			runOnlyForDeploymentPostprocessing = 0;
		};
		440B40152BA107B900B02BC4 /* Sources */ = {
			isa = PBXSourcesBuildPhase;
			buildActionMask = 2147483647;
			files = (
				440B401C2BA107B900B02BC4 /* TrackerTests.swift in Sources */,
			);
			runOnlyForDeploymentPostprocessing = 0;
		};
/* End PBXSourcesBuildPhase section */

/* Begin PBXTargetDependency section */
		440B401E2BA107B900B02BC4 /* PBXTargetDependency */ = {
			isa = PBXTargetDependency;
			target = 440289D42B17A04100A0BEBE /* Tracker */;
			targetProxy = 440B401D2BA107B900B02BC4 /* PBXContainerItemProxy */;
		};
/* End PBXTargetDependency section */

/* Begin PBXVariantGroup section */
		440289E32B17A04200A0BEBE /* LaunchScreen.storyboard */ = {
			isa = PBXVariantGroup;
			children = (
				440289E42B17A04200A0BEBE /* Base */,
				440B402F2BA2280500B02BC4 /* ru */,
				440B40312BA2289100B02BC4 /* en */,
			);
			name = LaunchScreen.storyboard;
			sourceTree = "<group>";
		};
		440B40342BA2294B00B02BC4 /* Localizable.strings */ = {
			isa = PBXVariantGroup;
			children = (
				440B40332BA2294B00B02BC4 /* ru */,
				440B40352BA2296C00B02BC4 /* en */,
			);
			name = Localizable.strings;
			sourceTree = "<group>";
		};
		440B40382BA22E4700B02BC4 /* Localizable.stringsdict */ = {
			isa = PBXVariantGroup;
			children = (
				440B40372BA22E4700B02BC4 /* ru */,
				440B40392BA22E4D00B02BC4 /* en */,
			);
			name = Localizable.stringsdict;
			sourceTree = "<group>";
		};
/* End PBXVariantGroup section */

/* Begin XCBuildConfiguration section */
		440289E72B17A04200A0BEBE /* Debug */ = {
			isa = XCBuildConfiguration;
			buildSettings = {
				ALWAYS_SEARCH_USER_PATHS = NO;
				CLANG_ANALYZER_LOCALIZABILITY_NONLOCALIZED = YES;
				CLANG_ANALYZER_NONNULL = YES;
				CLANG_ANALYZER_NUMBER_OBJECT_CONVERSION = YES_AGGRESSIVE;
				CLANG_CXX_LANGUAGE_STANDARD = "gnu++20";
				CLANG_ENABLE_MODULES = YES;
				CLANG_ENABLE_OBJC_ARC = YES;
				CLANG_ENABLE_OBJC_WEAK = YES;
				CLANG_WARN_BLOCK_CAPTURE_AUTORELEASING = YES;
				CLANG_WARN_BOOL_CONVERSION = YES;
				CLANG_WARN_COMMA = YES;
				CLANG_WARN_CONSTANT_CONVERSION = YES;
				CLANG_WARN_DEPRECATED_OBJC_IMPLEMENTATIONS = YES;
				CLANG_WARN_DIRECT_OBJC_ISA_USAGE = YES_ERROR;
				CLANG_WARN_DOCUMENTATION_COMMENTS = YES;
				CLANG_WARN_EMPTY_BODY = YES;
				CLANG_WARN_ENUM_CONVERSION = YES;
				CLANG_WARN_INFINITE_RECURSION = YES;
				CLANG_WARN_INT_CONVERSION = YES;
				CLANG_WARN_NON_LITERAL_NULL_CONVERSION = YES;
				CLANG_WARN_OBJC_IMPLICIT_RETAIN_SELF = YES;
				CLANG_WARN_OBJC_LITERAL_CONVERSION = YES;
				CLANG_WARN_OBJC_ROOT_CLASS = YES_ERROR;
				CLANG_WARN_QUOTED_INCLUDE_IN_FRAMEWORK_HEADER = YES;
				CLANG_WARN_RANGE_LOOP_ANALYSIS = YES;
				CLANG_WARN_STRICT_PROTOTYPES = YES;
				CLANG_WARN_SUSPICIOUS_MOVE = YES;
				CLANG_WARN_UNGUARDED_AVAILABILITY = YES_AGGRESSIVE;
				CLANG_WARN_UNREACHABLE_CODE = YES;
				CLANG_WARN__DUPLICATE_METHOD_MATCH = YES;
				COPY_PHASE_STRIP = NO;
				DEBUG_INFORMATION_FORMAT = dwarf;
				ENABLE_STRICT_OBJC_MSGSEND = YES;
				ENABLE_TESTABILITY = YES;
				GCC_C_LANGUAGE_STANDARD = gnu11;
				GCC_DYNAMIC_NO_PIC = NO;
				GCC_NO_COMMON_BLOCKS = YES;
				GCC_OPTIMIZATION_LEVEL = 0;
				GCC_PREPROCESSOR_DEFINITIONS = (
					"DEBUG=1",
					"$(inherited)",
				);
				GCC_WARN_64_TO_32_BIT_CONVERSION = YES;
				GCC_WARN_ABOUT_RETURN_TYPE = YES_ERROR;
				GCC_WARN_UNDECLARED_SELECTOR = YES;
				GCC_WARN_UNINITIALIZED_AUTOS = YES_AGGRESSIVE;
				GCC_WARN_UNUSED_FUNCTION = YES;
				GCC_WARN_UNUSED_VARIABLE = YES;
				IPHONEOS_DEPLOYMENT_TARGET = 16.4;
				MTL_ENABLE_DEBUG_INFO = INCLUDE_SOURCE;
				MTL_FAST_MATH = YES;
				ONLY_ACTIVE_ARCH = YES;
				SDKROOT = iphoneos;
				SWIFT_ACTIVE_COMPILATION_CONDITIONS = DEBUG;
				SWIFT_OPTIMIZATION_LEVEL = "-Onone";
			};
			name = Debug;
		};
		440289E82B17A04200A0BEBE /* Release */ = {
			isa = XCBuildConfiguration;
			buildSettings = {
				ALWAYS_SEARCH_USER_PATHS = NO;
				CLANG_ANALYZER_LOCALIZABILITY_NONLOCALIZED = YES;
				CLANG_ANALYZER_NONNULL = YES;
				CLANG_ANALYZER_NUMBER_OBJECT_CONVERSION = YES_AGGRESSIVE;
				CLANG_CXX_LANGUAGE_STANDARD = "gnu++20";
				CLANG_ENABLE_MODULES = YES;
				CLANG_ENABLE_OBJC_ARC = YES;
				CLANG_ENABLE_OBJC_WEAK = YES;
				CLANG_WARN_BLOCK_CAPTURE_AUTORELEASING = YES;
				CLANG_WARN_BOOL_CONVERSION = YES;
				CLANG_WARN_COMMA = YES;
				CLANG_WARN_CONSTANT_CONVERSION = YES;
				CLANG_WARN_DEPRECATED_OBJC_IMPLEMENTATIONS = YES;
				CLANG_WARN_DIRECT_OBJC_ISA_USAGE = YES_ERROR;
				CLANG_WARN_DOCUMENTATION_COMMENTS = YES;
				CLANG_WARN_EMPTY_BODY = YES;
				CLANG_WARN_ENUM_CONVERSION = YES;
				CLANG_WARN_INFINITE_RECURSION = YES;
				CLANG_WARN_INT_CONVERSION = YES;
				CLANG_WARN_NON_LITERAL_NULL_CONVERSION = YES;
				CLANG_WARN_OBJC_IMPLICIT_RETAIN_SELF = YES;
				CLANG_WARN_OBJC_LITERAL_CONVERSION = YES;
				CLANG_WARN_OBJC_ROOT_CLASS = YES_ERROR;
				CLANG_WARN_QUOTED_INCLUDE_IN_FRAMEWORK_HEADER = YES;
				CLANG_WARN_RANGE_LOOP_ANALYSIS = YES;
				CLANG_WARN_STRICT_PROTOTYPES = YES;
				CLANG_WARN_SUSPICIOUS_MOVE = YES;
				CLANG_WARN_UNGUARDED_AVAILABILITY = YES_AGGRESSIVE;
				CLANG_WARN_UNREACHABLE_CODE = YES;
				CLANG_WARN__DUPLICATE_METHOD_MATCH = YES;
				COPY_PHASE_STRIP = NO;
				DEBUG_INFORMATION_FORMAT = "dwarf-with-dsym";
				ENABLE_NS_ASSERTIONS = NO;
				ENABLE_STRICT_OBJC_MSGSEND = YES;
				GCC_C_LANGUAGE_STANDARD = gnu11;
				GCC_NO_COMMON_BLOCKS = YES;
				GCC_WARN_64_TO_32_BIT_CONVERSION = YES;
				GCC_WARN_ABOUT_RETURN_TYPE = YES_ERROR;
				GCC_WARN_UNDECLARED_SELECTOR = YES;
				GCC_WARN_UNINITIALIZED_AUTOS = YES_AGGRESSIVE;
				GCC_WARN_UNUSED_FUNCTION = YES;
				GCC_WARN_UNUSED_VARIABLE = YES;
				IPHONEOS_DEPLOYMENT_TARGET = 16.4;
				MTL_ENABLE_DEBUG_INFO = NO;
				MTL_FAST_MATH = YES;
				SDKROOT = iphoneos;
				SWIFT_COMPILATION_MODE = wholemodule;
				SWIFT_OPTIMIZATION_LEVEL = "-O";
				VALIDATE_PRODUCT = YES;
			};
			name = Release;
		};
		440289EA2B17A04200A0BEBE /* Debug */ = {
			isa = XCBuildConfiguration;
			baseConfigurationReference = 056B6CC66BD0EE7594BAFC21 /* Pods-Tracker.debug.xcconfig */;
			buildSettings = {
				ASSETCATALOG_COMPILER_APPICON_NAME = AppIcon;
				ASSETCATALOG_COMPILER_GLOBAL_ACCENT_COLOR_NAME = AccentColor;
				CODE_SIGN_STYLE = Automatic;
				CURRENT_PROJECT_VERSION = 1;
				DEVELOPMENT_TEAM = D7FY7X5Y84;
				GENERATE_INFOPLIST_FILE = YES;
				INFOPLIST_FILE = Tracker/Info.plist;
				INFOPLIST_KEY_UIApplicationSupportsIndirectInputEvents = YES;
				INFOPLIST_KEY_UILaunchStoryboardName = LaunchScreen;
				INFOPLIST_KEY_UISupportedInterfaceOrientations = UIInterfaceOrientationPortrait;
				IPHONEOS_DEPLOYMENT_TARGET = 13.4;
				LD_RUNPATH_SEARCH_PATHS = (
					"$(inherited)",
					"@executable_path/Frameworks",
				);
				MARKETING_VERSION = 1.0;
				PRODUCT_BUNDLE_IDENTIFIER = Selick.Tracker;
				PRODUCT_NAME = "$(TARGET_NAME)";
				SUPPORTED_PLATFORMS = "iphoneos iphonesimulator";
				SUPPORTS_MACCATALYST = NO;
				SUPPORTS_MAC_DESIGNED_FOR_IPHONE_IPAD = NO;
				SWIFT_EMIT_LOC_STRINGS = YES;
				SWIFT_VERSION = 5.0;
				TARGETED_DEVICE_FAMILY = 1;
			};
			name = Debug;
		};
		440289EB2B17A04200A0BEBE /* Release */ = {
			isa = XCBuildConfiguration;
			baseConfigurationReference = 21D265F96853569EB825AF5E /* Pods-Tracker.release.xcconfig */;
			buildSettings = {
				ASSETCATALOG_COMPILER_APPICON_NAME = AppIcon;
				ASSETCATALOG_COMPILER_GLOBAL_ACCENT_COLOR_NAME = AccentColor;
				CODE_SIGN_STYLE = Automatic;
				CURRENT_PROJECT_VERSION = 1;
				DEVELOPMENT_TEAM = D7FY7X5Y84;
				GENERATE_INFOPLIST_FILE = YES;
				INFOPLIST_FILE = Tracker/Info.plist;
				INFOPLIST_KEY_UIApplicationSupportsIndirectInputEvents = YES;
				INFOPLIST_KEY_UILaunchStoryboardName = LaunchScreen;
				INFOPLIST_KEY_UISupportedInterfaceOrientations = UIInterfaceOrientationPortrait;
				IPHONEOS_DEPLOYMENT_TARGET = 13.4;
				LD_RUNPATH_SEARCH_PATHS = (
					"$(inherited)",
					"@executable_path/Frameworks",
				);
				MARKETING_VERSION = 1.0;
				PRODUCT_BUNDLE_IDENTIFIER = Selick.Tracker;
				PRODUCT_NAME = "$(TARGET_NAME)";
				SUPPORTED_PLATFORMS = "iphoneos iphonesimulator";
				SUPPORTS_MACCATALYST = NO;
				SUPPORTS_MAC_DESIGNED_FOR_IPHONE_IPAD = NO;
				SWIFT_EMIT_LOC_STRINGS = YES;
				SWIFT_VERSION = 5.0;
				TARGETED_DEVICE_FAMILY = 1;
			};
			name = Release;
		};
		440B40202BA107B900B02BC4 /* Debug */ = {
			isa = XCBuildConfiguration;
			baseConfigurationReference = BFC30D3D1DD001B23CA3F132 /* Pods-TrackerTests.debug.xcconfig */;
			buildSettings = {
				ASSETCATALOG_COMPILER_GENERATE_SWIFT_ASSET_SYMBOL_EXTENSIONS = YES;
				BUNDLE_LOADER = "$(TEST_HOST)";
				CODE_SIGN_STYLE = Automatic;
				CURRENT_PROJECT_VERSION = 1;
				DEVELOPMENT_TEAM = D7FY7X5Y84;
				ENABLE_USER_SCRIPT_SANDBOXING = YES;
				GCC_C_LANGUAGE_STANDARD = gnu17;
				GENERATE_INFOPLIST_FILE = YES;
				IPHONEOS_DEPLOYMENT_TARGET = 17.2;
				LOCALIZATION_PREFERS_STRING_CATALOGS = YES;
				MARKETING_VERSION = 1.0;
				PRODUCT_BUNDLE_IDENTIFIER = Selick.TrackerTests;
				PRODUCT_NAME = "$(TARGET_NAME)";
				SWIFT_ACTIVE_COMPILATION_CONDITIONS = "DEBUG $(inherited)";
				SWIFT_EMIT_LOC_STRINGS = NO;
				SWIFT_VERSION = 5.0;
				TARGETED_DEVICE_FAMILY = "1,2";
				TEST_HOST = "$(BUILT_PRODUCTS_DIR)/Tracker.app/$(BUNDLE_EXECUTABLE_FOLDER_PATH)/Tracker";
			};
			name = Debug;
		};
		440B40212BA107B900B02BC4 /* Release */ = {
			isa = XCBuildConfiguration;
			baseConfigurationReference = 93F78862DF2484C9FA023206 /* Pods-TrackerTests.release.xcconfig */;
			buildSettings = {
				ASSETCATALOG_COMPILER_GENERATE_SWIFT_ASSET_SYMBOL_EXTENSIONS = YES;
				BUNDLE_LOADER = "$(TEST_HOST)";
				CODE_SIGN_STYLE = Automatic;
				CURRENT_PROJECT_VERSION = 1;
				DEVELOPMENT_TEAM = D7FY7X5Y84;
				ENABLE_USER_SCRIPT_SANDBOXING = YES;
				GCC_C_LANGUAGE_STANDARD = gnu17;
				GENERATE_INFOPLIST_FILE = YES;
				IPHONEOS_DEPLOYMENT_TARGET = 17.2;
				LOCALIZATION_PREFERS_STRING_CATALOGS = YES;
				MARKETING_VERSION = 1.0;
				PRODUCT_BUNDLE_IDENTIFIER = Selick.TrackerTests;
				PRODUCT_NAME = "$(TARGET_NAME)";
				SWIFT_EMIT_LOC_STRINGS = NO;
				SWIFT_VERSION = 5.0;
				TARGETED_DEVICE_FAMILY = "1,2";
				TEST_HOST = "$(BUILT_PRODUCTS_DIR)/Tracker.app/$(BUNDLE_EXECUTABLE_FOLDER_PATH)/Tracker";
			};
			name = Release;
		};
/* End XCBuildConfiguration section */

/* Begin XCConfigurationList section */
		440289D02B17A04100A0BEBE /* Build configuration list for PBXProject "Tracker" */ = {
			isa = XCConfigurationList;
			buildConfigurations = (
				440289E72B17A04200A0BEBE /* Debug */,
				440289E82B17A04200A0BEBE /* Release */,
			);
			defaultConfigurationIsVisible = 0;
			defaultConfigurationName = Release;
		};
		440289E92B17A04200A0BEBE /* Build configuration list for PBXNativeTarget "Tracker" */ = {
			isa = XCConfigurationList;
			buildConfigurations = (
				440289EA2B17A04200A0BEBE /* Debug */,
				440289EB2B17A04200A0BEBE /* Release */,
			);
			defaultConfigurationIsVisible = 0;
			defaultConfigurationName = Release;
		};
		440B401F2BA107B900B02BC4 /* Build configuration list for PBXNativeTarget "TrackerTests" */ = {
			isa = XCConfigurationList;
			buildConfigurations = (
				440B40202BA107B900B02BC4 /* Debug */,
				440B40212BA107B900B02BC4 /* Release */,
			);
			defaultConfigurationIsVisible = 0;
			defaultConfigurationName = Release;
		};
/* End XCConfigurationList section */

/* Begin XCRemoteSwiftPackageReference section */
		440B40222BA1089200B02BC4 /* XCRemoteSwiftPackageReference "swift-snapshot-testing" */ = {
			isa = XCRemoteSwiftPackageReference;
			repositoryURL = "https://github.com/pointfreeco/swift-snapshot-testing";
			requirement = {
				kind = upToNextMajorVersion;
				minimumVersion = 1.15.4;
			};
		};
/* End XCRemoteSwiftPackageReference section */

/* Begin XCSwiftPackageProductDependency section */
		440B40232BA1089200B02BC4 /* InlineSnapshotTesting */ = {
			isa = XCSwiftPackageProductDependency;
			package = 440B40222BA1089200B02BC4 /* XCRemoteSwiftPackageReference "swift-snapshot-testing" */;
			productName = InlineSnapshotTesting;
		};
		440B40252BA1089200B02BC4 /* SnapshotTesting */ = {
			isa = XCSwiftPackageProductDependency;
			package = 440B40222BA1089200B02BC4 /* XCRemoteSwiftPackageReference "swift-snapshot-testing" */;
			productName = SnapshotTesting;
		};
/* End XCSwiftPackageProductDependency section */

/* Begin XCVersionGroup section */
		44ABD1BA2B8663C400ADF2AA /* TrackerDB.xcdatamodeld */ = {
			isa = XCVersionGroup;
			children = (
				44ABD1BB2B8663C400ADF2AA /* TrackerDB.xcdatamodel */,
			);
			currentVersion = 44ABD1BB2B8663C400ADF2AA /* TrackerDB.xcdatamodel */;
			path = TrackerDB.xcdatamodeld;
			sourceTree = "<group>";
			versionGroupType = wrapper.xcdatamodel;
		};
/* End XCVersionGroup section */
	};
	rootObject = 440289CD2B17A04100A0BEBE /* Project object */;
}
